
Microsoft Visual Studio Solution File, Format Version 12.00
# Visual Studio Version 16
VisualStudioVersion = 16.0.29920.165
MinimumVisualStudioVersion = 10.0.40219.1
Project("{FAE04EC0-301F-11D3-BF4B-00C04F79EFBC}") = "SimranDhillon_S00187359", "SimranDhillon_S00187359.csproj", "{205DA0F5-58D6-4536-B52E-4FCD4433E933}"
EndProject
Project("{FAE04EC0-301F-11D3-BF4B-00C04F79EFBC}") = "UnitTestProject1", "..\UnitTestProject1\UnitTestProject1.csproj", "{7C12224E-BF19-44A6-9FC8-5D8E0DF38C7E}"
EndProject
Project("{FAE04EC0-301F-11D3-BF4B-00C04F79EFBC}") = "DataMangement", "..\DataMangement\DataMangement.csproj", "{5B5B92C3-CC50-412A-B04A-85EDF5E96E97}"
EndProject
Global
	GlobalSection(SolutionConfigurationPlatforms) = preSolution
		Debug|Any CPU = Debug|Any CPU
		Release|Any CPU = Release|Any CPU
	EndGlobalSection
	GlobalSection(ProjectConfigurationPlatforms) = postSolution
		{205DA0F5-58D6-4536-B52E-4FCD4433E933}.Debug|Any CPU.ActiveCfg = Debug|Any CPU
		{205DA0F5-58D6-4536-B52E-4FCD4433E933}.Debug|Any CPU.Build.0 = Debug|Any CPU
		{205DA0F5-58D6-4536-B52E-4FCD4433E933}.Release|Any CPU.ActiveCfg = Release|Any CPU
		{205DA0F5-58D6-4536-B52E-4FCD4433E933}.Release|Any CPU.Build.0 = Release|Any CPU
		{7C12224E-BF19-44A6-9FC8-5D8E0DF38C7E}.Debug|Any CPU.ActiveCfg = Debug|Any CPU
		{7C12224E-BF19-44A6-9FC8-5D8E0DF38C7E}.Debug|Any CPU.Build.0 = Debug|Any CPU
		{7C12224E-BF19-44A6-9FC8-5D8E0DF38C7E}.Release|Any CPU.ActiveCfg = Release|Any CPU
		{7C12224E-BF19-44A6-9FC8-5D8E0DF38C7E}.Release|Any CPU.Build.0 = Release|Any CPU
		{5B5B92C3-CC50-412A-B04A-85EDF5E96E97}.Debug|Any CPU.ActiveCfg = Debug|Any CPU
		{5B5B92C3-CC50-412A-B04A-85EDF5E96E97}.Debug|Any CPU.Build.0 = Debug|Any CPU
		{5B5B92C3-CC50-412A-B04A-85EDF5E96E97}.Release|Any CPU.ActiveCfg = Release|Any CPU
		{5B5B92C3-CC50-412A-B04A-85EDF5E96E97}.Release|Any CPU.Build.0 = Release|Any CPU
	EndGlobalSection
	GlobalSection(SolutionProperties) = preSolution
		HideSolutionNode = FALSE
	EndGlobalSection
	GlobalSection(ExtensibilityGlobals) = postSolution
		SolutionGuid = {C142632B-52C2-4F4D-9520-55D5BEAE91A7}
	EndGlobalSection
EndGlobal
